
Microsoft Visual Studio Solution File, Format Version 12.00
# Visual Studio Version 16
VisualStudioVersion = 16.0.30011.22
MinimumVisualStudioVersion = 10.0.40219.1
Project("{9A19103F-16F7-4668-BE54-9A1E7A4F7556}") = "DirectTransact.WebApi.PayAT.STUB.A", "DirectTransact.WebApi.PayAT.STUB.A\DirectTransact.WebApi.PayAT.STUB.A.csproj", "{B6C821A4-0350-4C71-A11C-0007AA937417}"
EndProject
Project("{9A19103F-16F7-4668-BE54-9A1E7A4F7556}") = "DirectTransact.WebApi.PayAT.STUB.B", "DirectTransact.WebApi.PayAT.STUB.B\DirectTransact.WebApi.PayAT.STUB.B.csproj", "{DDF7E1BE-BDBF-4638-A2BB-C9BD21001BBC}"
EndProject
Global
	GlobalSection(SolutionConfigurationPlatforms) = preSolution
		Debug|Any CPU = Debug|Any CPU
		Release|Any CPU = Release|Any CPU
	EndGlobalSection
	GlobalSection(ProjectConfigurationPlatforms) = postSolution
		{B6C821A4-0350-4C71-A11C-0007AA937417}.Debug|Any CPU.ActiveCfg = Debug|Any CPU
		{B6C821A4-0350-4C71-A11C-0007AA937417}.Debug|Any CPU.Build.0 = Debug|Any CPU
		{B6C821A4-0350-4C71-A11C-0007AA937417}.Release|Any CPU.ActiveCfg = Release|Any CPU
		{B6C821A4-0350-4C71-A11C-0007AA937417}.Release|Any CPU.Build.0 = Release|Any CPU
		{DDF7E1BE-BDBF-4638-A2BB-C9BD21001BBC}.Debug|Any CPU.ActiveCfg = Debug|Any CPU
		{DDF7E1BE-BDBF-4638-A2BB-C9BD21001BBC}.Debug|Any CPU.Build.0 = Debug|Any CPU
		{DDF7E1BE-BDBF-4638-A2BB-C9BD21001BBC}.Release|Any CPU.ActiveCfg = Release|Any CPU
		{DDF7E1BE-BDBF-4638-A2BB-C9BD21001BBC}.Release|Any CPU.Build.0 = Release|Any CPU
	EndGlobalSection
	GlobalSection(SolutionProperties) = preSolution
		HideSolutionNode = FALSE
	EndGlobalSection
	GlobalSection(ExtensibilityGlobals) = postSolution
		SolutionGuid = {B68B6EBD-A5D1-4EBD-BF8F-CB559B519F8C}
	EndGlobalSection
EndGlobal
